
Microsoft Visual Studio Solution File, Format Version 12.00
# Visual Studio Version 16
VisualStudioVersion = 16.0.30907.101
MinimumVisualStudioVersion = 10.0.40219.1
Project("{FAE04EC0-301F-11D3-BF4B-00C04F79EFBC}") = "2DTurnBasedGameFramework", "2DTurnBasedGameFramework\2DTurnBasedGameFramework.csproj", "{812AB8A6-4144-48F4-8E5E-FA109F55C109}"
EndProject
Project("{FAE04EC0-301F-11D3-BF4B-00C04F79EFBC}") = "FrameworkTesting", "FrameworkTesting\FrameworkTesting.csproj", "{4ACA6F86-5294-4C04-B100-7F40B86724F2}"
EndProject
Global
	GlobalSection(SolutionConfigurationPlatforms) = preSolution
		Debug|Any CPU = Debug|Any CPU
		Release|Any CPU = Release|Any CPU
	EndGlobalSection
	GlobalSection(ProjectConfigurationPlatforms) = postSolution
		{812AB8A6-4144-48F4-8E5E-FA109F55C109}.Debug|Any CPU.ActiveCfg = Debug|Any CPU
		{812AB8A6-4144-48F4-8E5E-FA109F55C109}.Debug|Any CPU.Build.0 = Debug|Any CPU
		{812AB8A6-4144-48F4-8E5E-FA109F55C109}.Release|Any CPU.ActiveCfg = Release|Any CPU
		{812AB8A6-4144-48F4-8E5E-FA109F55C109}.Release|Any CPU.Build.0 = Release|Any CPU
		{4ACA6F86-5294-4C04-B100-7F40B86724F2}.Debug|Any CPU.ActiveCfg = Debug|Any CPU
		{4ACA6F86-5294-4C04-B100-7F40B86724F2}.Debug|Any CPU.Build.0 = Debug|Any CPU
		{4ACA6F86-5294-4C04-B100-7F40B86724F2}.Release|Any CPU.ActiveCfg = Release|Any CPU
		{4ACA6F86-5294-4C04-B100-7F40B86724F2}.Release|Any CPU.Build.0 = Release|Any CPU
	EndGlobalSection
	GlobalSection(SolutionProperties) = preSolution
		HideSolutionNode = FALSE
	EndGlobalSection
	GlobalSection(ExtensibilityGlobals) = postSolution
		SolutionGuid = {D10F2999-4D41-4357-AA73-C8D5F7172464}
	EndGlobalSection
EndGlobal
